
Microsoft Visual Studio Solution File, Format Version 12.00
# Visual Studio Version 17
VisualStudioVersion = 17.14.36429.23 d17.14
MinimumVisualStudioVersion = 10.0.40219.1
Project("{FAE04EC0-301F-11D3-BF4B-00C04F79EFBC}") = "UD1-Ej1-Array", "UD1-Ej1-Array\UD1-Ej1-Array.csproj", "{500F8CA7-C477-4EEA-944F-ADC8EDA50523}"
EndProject
Project("{FAE04EC0-301F-11D3-BF4B-00C04F79EFBC}") = "UD1-Ej2-Clases", "UD1-Ej2-Clases\UD1-Ej2-Clases.csproj", "{1CFA382A-339A-45AC-B1EF-42B3F6828E2C}"
EndProject
Project("{FAE04EC0-301F-11D3-BF4B-00C04F79EFBC}") = "UD1-Ej3-Herencia", "UD1-Ej3-Herencia\UD1-Ej3-Herencia.csproj", "{3ADBC694-46E0-4BC8-AC40-F3804CA8766C}"
EndProject
Global
	GlobalSection(SolutionConfigurationPlatforms) = preSolution
		Debug|Any CPU = Debug|Any CPU
		Release|Any CPU = Release|Any CPU
	EndGlobalSection
	GlobalSection(ProjectConfigurationPlatforms) = postSolution
		{500F8CA7-C477-4EEA-944F-ADC8EDA50523}.Debug|Any CPU.ActiveCfg = Debug|Any CPU
		{500F8CA7-C477-4EEA-944F-ADC8EDA50523}.Debug|Any CPU.Build.0 = Debug|Any CPU
		{500F8CA7-C477-4EEA-944F-ADC8EDA50523}.Release|Any CPU.ActiveCfg = Release|Any CPU
		{500F8CA7-C477-4EEA-944F-ADC8EDA50523}.Release|Any CPU.Build.0 = Release|Any CPU
		{1CFA382A-339A-45AC-B1EF-42B3F6828E2C}.Debug|Any CPU.ActiveCfg = Debug|Any CPU
		{1CFA382A-339A-45AC-B1EF-42B3F6828E2C}.Debug|Any CPU.Build.0 = Debug|Any CPU
		{1CFA382A-339A-45AC-B1EF-42B3F6828E2C}.Release|Any CPU.ActiveCfg = Release|Any CPU
		{1CFA382A-339A-45AC-B1EF-42B3F6828E2C}.Release|Any CPU.Build.0 = Release|Any CPU
		{3ADBC694-46E0-4BC8-AC40-F3804CA8766C}.Debug|Any CPU.ActiveCfg = Debug|Any CPU
		{3ADBC694-46E0-4BC8-AC40-F3804CA8766C}.Debug|Any CPU.Build.0 = Debug|Any CPU
		{3ADBC694-46E0-4BC8-AC40-F3804CA8766C}.Release|Any CPU.ActiveCfg = Release|Any CPU
		{3ADBC694-46E0-4BC8-AC40-F3804CA8766C}.Release|Any CPU.Build.0 = Release|Any CPU
	EndGlobalSection
	GlobalSection(SolutionProperties) = preSolution
		HideSolutionNode = FALSE
	EndGlobalSection
	GlobalSection(ExtensibilityGlobals) = postSolution
		SolutionGuid = {E8791609-F986-4DD3-ABE1-B2861E660C99}
	EndGlobalSection
EndGlobal
